
Microsoft Visual Studio Solution File, Format Version 12.00
# Visual Studio Version 17
VisualStudioVersion = 17.14.36203.30 d17.14
MinimumVisualStudioVersion = 10.0.40219.1
Project("{FAE04EC0-301F-11D3-BF4B-00C04F79EFBC}") = "todolist-app-backend", "todolist-app-backend.csproj", "{6C55182D-4BC4-4934-86A1-FF56C41B873C}"
EndProject
Global
	GlobalSection(SolutionConfigurationPlatforms) = preSolution
		Debug|Any CPU = Debug|Any CPU
		Release|Any CPU = Release|Any CPU
	EndGlobalSection
	GlobalSection(ProjectConfigurationPlatforms) = postSolution
		{6C55182D-4BC4-4934-86A1-FF56C41B873C}.Debug|Any CPU.ActiveCfg = Debug|Any CPU
		{6C55182D-4BC4-4934-86A1-FF56C41B873C}.Debug|Any CPU.Build.0 = Debug|Any CPU
		{6C55182D-4BC4-4934-86A1-FF56C41B873C}.Release|Any CPU.ActiveCfg = Release|Any CPU
		{6C55182D-4BC4-4934-86A1-FF56C41B873C}.Release|Any CPU.Build.0 = Release|Any CPU
	EndGlobalSection
	GlobalSection(SolutionProperties) = preSolution
		HideSolutionNode = FALSE
	EndGlobalSection
	GlobalSection(ExtensibilityGlobals) = postSolution
		SolutionGuid = {E0FDD96E-FA43-4533-8487-0B995BBD3922}
	EndGlobalSection
EndGlobal
